
Microsoft Visual Studio Solution File, Format Version 12.00
# Visual Studio 2013
VisualStudioVersion = 12.0.21005.1
MinimumVisualStudioVersion = 10.0.40219.1
Project("{FAE04EC0-301F-11D3-BF4B-00C04F79EFBC}") = "2012512329-CON", "2012512329-CON\2012512329-CON.csproj", "{EBCA40EE-56DB-4442-8176-FA6FE78C9E8D}"
EndProject
Project("{FAE04EC0-301F-11D3-BF4B-00C04F79EFBC}") = "2012512329-ENT", "2012512329-ENT\2012512329-ENT.csproj", "{53F142E1-4387-45ED-82F4-45824C02D145}"
EndProject
Project("{FAE04EC0-301F-11D3-BF4B-00C04F79EFBC}") = "2012512329-PER", "2012512329-PER\2012512329-PER.csproj", "{77C7871C-C549-43AE-9F60-A4F0566C9369}"
EndProject
Global
	GlobalSection(SolutionConfigurationPlatforms) = preSolution
		Debug|Any CPU = Debug|Any CPU
		Release|Any CPU = Release|Any CPU
	EndGlobalSection
	GlobalSection(ProjectConfigurationPlatforms) = postSolution
		{EBCA40EE-56DB-4442-8176-FA6FE78C9E8D}.Debug|Any CPU.ActiveCfg = Debug|Any CPU
		{EBCA40EE-56DB-4442-8176-FA6FE78C9E8D}.Debug|Any CPU.Build.0 = Debug|Any CPU
		{EBCA40EE-56DB-4442-8176-FA6FE78C9E8D}.Release|Any CPU.ActiveCfg = Release|Any CPU
		{EBCA40EE-56DB-4442-8176-FA6FE78C9E8D}.Release|Any CPU.Build.0 = Release|Any CPU
		{53F142E1-4387-45ED-82F4-45824C02D145}.Debug|Any CPU.ActiveCfg = Debug|Any CPU
		{53F142E1-4387-45ED-82F4-45824C02D145}.Debug|Any CPU.Build.0 = Debug|Any CPU
		{53F142E1-4387-45ED-82F4-45824C02D145}.Release|Any CPU.ActiveCfg = Release|Any CPU
		{53F142E1-4387-45ED-82F4-45824C02D145}.Release|Any CPU.Build.0 = Release|Any CPU
		{77C7871C-C549-43AE-9F60-A4F0566C9369}.Debug|Any CPU.ActiveCfg = Debug|Any CPU
		{77C7871C-C549-43AE-9F60-A4F0566C9369}.Debug|Any CPU.Build.0 = Debug|Any CPU
		{77C7871C-C549-43AE-9F60-A4F0566C9369}.Release|Any CPU.ActiveCfg = Release|Any CPU
		{77C7871C-C549-43AE-9F60-A4F0566C9369}.Release|Any CPU.Build.0 = Release|Any CPU
	EndGlobalSection
	GlobalSection(SolutionProperties) = preSolution
		HideSolutionNode = FALSE
	EndGlobalSection
EndGlobal
